
Microsoft Visual Studio Solution File, Format Version 12.00
# Visual Studio Version 16
VisualStudioVersion = 16.0.31105.61
MinimumVisualStudioVersion = 10.0.40219.1
Project("{FAE04EC0-301F-11D3-BF4B-00C04F79EFBC}") = "Kartk4", "Kartk4\Kartk4.csproj", "{8C33058B-5946-4A46-921B-1A81D2C56C3C}"
EndProject
Global
	GlobalSection(SolutionConfigurationPlatforms) = preSolution
		Debug|Any CPU = Debug|Any CPU
		Release|Any CPU = Release|Any CPU
	EndGlobalSection
	GlobalSection(ProjectConfigurationPlatforms) = postSolution
		{8C33058B-5946-4A46-921B-1A81D2C56C3C}.Debug|Any CPU.ActiveCfg = Debug|Any CPU
		{8C33058B-5946-4A46-921B-1A81D2C56C3C}.Debug|Any CPU.Build.0 = Debug|Any CPU
		{8C33058B-5946-4A46-921B-1A81D2C56C3C}.Release|Any CPU.ActiveCfg = Release|Any CPU
		{8C33058B-5946-4A46-921B-1A81D2C56C3C}.Release|Any CPU.Build.0 = Release|Any CPU
	EndGlobalSection
	GlobalSection(SolutionProperties) = preSolution
		HideSolutionNode = FALSE
	EndGlobalSection
	GlobalSection(ExtensibilityGlobals) = postSolution
		SolutionGuid = {AF0F8C83-8789-4ED9-AB6D-462C1BDDA9A7}
	EndGlobalSection
EndGlobal
